
Microsoft Visual Studio Solution File, Format Version 12.00
# Visual Studio Version 17
VisualStudioVersion = 17.3.32825.248
MinimumVisualStudioVersion = 10.0.40219.1
Project("{2150E333-8FDC-42A3-9474-1A3956D46DE8}") = "src", "src", "{7F1F3ADA-702C-4A19-AAFE-96149FC04DBC}"
EndProject
Project("{2150E333-8FDC-42A3-9474-1A3956D46DE8}") = "corePackages", "corePackages", "{E6912956-102B-4490-8A9E-3C370A93D539}"
EndProject
Project("{9A19103F-16F7-4668-BE54-9A1E7A4F7556}") = "Core.Application", "src\corePackages\Core.Application\Core.Application.csproj", "{47B28C62-F72B-4E75-801C-547F1A55F10A}"
EndProject
Project("{9A19103F-16F7-4668-BE54-9A1E7A4F7556}") = "Core.CrossCuttingConcerns", "src\corePackages\Core.CrossCuttingConcers\Core.CrossCuttingConcerns.csproj", "{D0E7C939-BF1D-493B-8176-B1264C301174}"
EndProject
Project("{9A19103F-16F7-4668-BE54-9A1E7A4F7556}") = "Core.ElasticSearch", "src\corePackages\Core.ElasticSearch\Core.ElasticSearch.csproj", "{6DFD1FA7-78C0-4393-947E-D06E95F504BC}"
EndProject
Project("{9A19103F-16F7-4668-BE54-9A1E7A4F7556}") = "Core.Mailing", "src\corePackages\Core.Mailing\Core.Mailing.csproj", "{CF49D54C-695B-4BA9-86B3-467B3824E2DE}"
EndProject
Project("{9A19103F-16F7-4668-BE54-9A1E7A4F7556}") = "Core.Persistence", "src\corePackages\Core.Persistence\Core.Persistence.csproj", "{8E7FFCB0-CEEE-40FD-9CB3-38515F9CB56A}"
EndProject
Project("{9A19103F-16F7-4668-BE54-9A1E7A4F7556}") = "Core.Security", "src\corePackages\Core.Security\Core.Security.csproj", "{08AF2F01-5588-4544-95AF-91EAD1376658}"
EndProject
Project("{2150E333-8FDC-42A3-9474-1A3956D46DE8}") = "kodlama.io.Devs", "kodlama.io.Devs", "{056FDC10-3D91-44CE-A661-5FF14EFF987F}"
EndProject
Project("{9A19103F-16F7-4668-BE54-9A1E7A4F7556}") = "Application", "src\kodlama.io.Devs\Application\Application.csproj", "{3B6D9B1F-A879-48B6-82B9-6D47D8CE8E0A}"
EndProject
Project("{9A19103F-16F7-4668-BE54-9A1E7A4F7556}") = "Domain", "src\kodlama.io.Devs\Domain\Domain.csproj", "{B61AA37E-1CDF-4F05-A45D-E4C4DBCE4828}"
EndProject
Project("{9A19103F-16F7-4668-BE54-9A1E7A4F7556}") = "Infrastructure", "src\kodlama.io.Devs\Infrastructure\Infrastructure.csproj", "{C63AFFB6-4962-4639-849B-F538A6E12A16}"
EndProject
Project("{9A19103F-16F7-4668-BE54-9A1E7A4F7556}") = "Persistence", "src\kodlama.io.Devs\Persistence\Persistence.csproj", "{A936BC3C-725D-4842-93E7-CC81CF437198}"
EndProject
Project("{9A19103F-16F7-4668-BE54-9A1E7A4F7556}") = "WebAPI", "src\kodlama.io.Devs\WebAPI\WebAPI.csproj", "{A0CD5506-A16A-418B-8E98-325A68D8C8DB}"
EndProject
Global
	GlobalSection(SolutionConfigurationPlatforms) = preSolution
		Debug|Any CPU = Debug|Any CPU
		Release|Any CPU = Release|Any CPU
	EndGlobalSection
	GlobalSection(ProjectConfigurationPlatforms) = postSolution
		{47B28C62-F72B-4E75-801C-547F1A55F10A}.Debug|Any CPU.ActiveCfg = Debug|Any CPU
		{47B28C62-F72B-4E75-801C-547F1A55F10A}.Debug|Any CPU.Build.0 = Debug|Any CPU
		{47B28C62-F72B-4E75-801C-547F1A55F10A}.Release|Any CPU.ActiveCfg = Release|Any CPU
		{47B28C62-F72B-4E75-801C-547F1A55F10A}.Release|Any CPU.Build.0 = Release|Any CPU
		{D0E7C939-BF1D-493B-8176-B1264C301174}.Debug|Any CPU.ActiveCfg = Debug|Any CPU
		{D0E7C939-BF1D-493B-8176-B1264C301174}.Debug|Any CPU.Build.0 = Debug|Any CPU
		{D0E7C939-BF1D-493B-8176-B1264C301174}.Release|Any CPU.ActiveCfg = Release|Any CPU
		{D0E7C939-BF1D-493B-8176-B1264C301174}.Release|Any CPU.Build.0 = Release|Any CPU
		{6DFD1FA7-78C0-4393-947E-D06E95F504BC}.Debug|Any CPU.ActiveCfg = Debug|Any CPU
		{6DFD1FA7-78C0-4393-947E-D06E95F504BC}.Debug|Any CPU.Build.0 = Debug|Any CPU
		{6DFD1FA7-78C0-4393-947E-D06E95F504BC}.Release|Any CPU.ActiveCfg = Release|Any CPU
		{6DFD1FA7-78C0-4393-947E-D06E95F504BC}.Release|Any CPU.Build.0 = Release|Any CPU
		{CF49D54C-695B-4BA9-86B3-467B3824E2DE}.Debug|Any CPU.ActiveCfg = Debug|Any CPU
		{CF49D54C-695B-4BA9-86B3-467B3824E2DE}.Debug|Any CPU.Build.0 = Debug|Any CPU
		{CF49D54C-695B-4BA9-86B3-467B3824E2DE}.Release|Any CPU.ActiveCfg = Release|Any CPU
		{CF49D54C-695B-4BA9-86B3-467B3824E2DE}.Release|Any CPU.Build.0 = Release|Any CPU
		{8E7FFCB0-CEEE-40FD-9CB3-38515F9CB56A}.Debug|Any CPU.ActiveCfg = Debug|Any CPU
		{8E7FFCB0-CEEE-40FD-9CB3-38515F9CB56A}.Debug|Any CPU.Build.0 = Debug|Any CPU
		{8E7FFCB0-CEEE-40FD-9CB3-38515F9CB56A}.Release|Any CPU.ActiveCfg = Release|Any CPU
		{8E7FFCB0-CEEE-40FD-9CB3-38515F9CB56A}.Release|Any CPU.Build.0 = Release|Any CPU
		{08AF2F01-5588-4544-95AF-91EAD1376658}.Debug|Any CPU.ActiveCfg = Debug|Any CPU
		{08AF2F01-5588-4544-95AF-91EAD1376658}.Debug|Any CPU.Build.0 = Debug|Any CPU
		{08AF2F01-5588-4544-95AF-91EAD1376658}.Release|Any CPU.ActiveCfg = Release|Any CPU
		{08AF2F01-5588-4544-95AF-91EAD1376658}.Release|Any CPU.Build.0 = Release|Any CPU
		{3B6D9B1F-A879-48B6-82B9-6D47D8CE8E0A}.Debug|Any CPU.ActiveCfg = Debug|Any CPU
		{3B6D9B1F-A879-48B6-82B9-6D47D8CE8E0A}.Debug|Any CPU.Build.0 = Debug|Any CPU
		{3B6D9B1F-A879-48B6-82B9-6D47D8CE8E0A}.Release|Any CPU.ActiveCfg = Release|Any CPU
		{3B6D9B1F-A879-48B6-82B9-6D47D8CE8E0A}.Release|Any CPU.Build.0 = Release|Any CPU
		{B61AA37E-1CDF-4F05-A45D-E4C4DBCE4828}.Debug|Any CPU.ActiveCfg = Debug|Any CPU
		{B61AA37E-1CDF-4F05-A45D-E4C4DBCE4828}.Debug|Any CPU.Build.0 = Debug|Any CPU
		{B61AA37E-1CDF-4F05-A45D-E4C4DBCE4828}.Release|Any CPU.ActiveCfg = Release|Any CPU
		{B61AA37E-1CDF-4F05-A45D-E4C4DBCE4828}.Release|Any CPU.Build.0 = Release|Any CPU
		{C63AFFB6-4962-4639-849B-F538A6E12A16}.Debug|Any CPU.ActiveCfg = Debug|Any CPU
		{C63AFFB6-4962-4639-849B-F538A6E12A16}.Debug|Any CPU.Build.0 = Debug|Any CPU
		{C63AFFB6-4962-4639-849B-F538A6E12A16}.Release|Any CPU.ActiveCfg = Release|Any CPU
		{C63AFFB6-4962-4639-849B-F538A6E12A16}.Release|Any CPU.Build.0 = Release|Any CPU
		{A936BC3C-725D-4842-93E7-CC81CF437198}.Debug|Any CPU.ActiveCfg = Debug|Any CPU
		{A936BC3C-725D-4842-93E7-CC81CF437198}.Debug|Any CPU.Build.0 = Debug|Any CPU
		{A936BC3C-725D-4842-93E7-CC81CF437198}.Release|Any CPU.ActiveCfg = Release|Any CPU
		{A936BC3C-725D-4842-93E7-CC81CF437198}.Release|Any CPU.Build.0 = Release|Any CPU
		{A0CD5506-A16A-418B-8E98-325A68D8C8DB}.Debug|Any CPU.ActiveCfg = Debug|Any CPU
		{A0CD5506-A16A-418B-8E98-325A68D8C8DB}.Debug|Any CPU.Build.0 = Debug|Any CPU
		{A0CD5506-A16A-418B-8E98-325A68D8C8DB}.Release|Any CPU.ActiveCfg = Release|Any CPU
		{A0CD5506-A16A-418B-8E98-325A68D8C8DB}.Release|Any CPU.Build.0 = Release|Any CPU
	EndGlobalSection
	GlobalSection(SolutionProperties) = preSolution
		HideSolutionNode = FALSE
	EndGlobalSection
	GlobalSection(NestedProjects) = preSolution
		{E6912956-102B-4490-8A9E-3C370A93D539} = {7F1F3ADA-702C-4A19-AAFE-96149FC04DBC}
		{47B28C62-F72B-4E75-801C-547F1A55F10A} = {E6912956-102B-4490-8A9E-3C370A93D539}
		{D0E7C939-BF1D-493B-8176-B1264C301174} = {E6912956-102B-4490-8A9E-3C370A93D539}
		{6DFD1FA7-78C0-4393-947E-D06E95F504BC} = {E6912956-102B-4490-8A9E-3C370A93D539}
		{CF49D54C-695B-4BA9-86B3-467B3824E2DE} = {E6912956-102B-4490-8A9E-3C370A93D539}
		{8E7FFCB0-CEEE-40FD-9CB3-38515F9CB56A} = {E6912956-102B-4490-8A9E-3C370A93D539}
		{08AF2F01-5588-4544-95AF-91EAD1376658} = {E6912956-102B-4490-8A9E-3C370A93D539}
		{056FDC10-3D91-44CE-A661-5FF14EFF987F} = {7F1F3ADA-702C-4A19-AAFE-96149FC04DBC}
		{3B6D9B1F-A879-48B6-82B9-6D47D8CE8E0A} = {056FDC10-3D91-44CE-A661-5FF14EFF987F}
		{B61AA37E-1CDF-4F05-A45D-E4C4DBCE4828} = {056FDC10-3D91-44CE-A661-5FF14EFF987F}
		{C63AFFB6-4962-4639-849B-F538A6E12A16} = {056FDC10-3D91-44CE-A661-5FF14EFF987F}
		{A936BC3C-725D-4842-93E7-CC81CF437198} = {056FDC10-3D91-44CE-A661-5FF14EFF987F}
		{A0CD5506-A16A-418B-8E98-325A68D8C8DB} = {056FDC10-3D91-44CE-A661-5FF14EFF987F}
	EndGlobalSection
	GlobalSection(ExtensibilityGlobals) = postSolution
		SolutionGuid = {D298EBF8-3368-4D2C-8C66-E208493F3739}
	EndGlobalSection
EndGlobal
